
Microsoft Visual Studio Solution File, Format Version 12.00
# Visual Studio Version 16
VisualStudioVersion = 16.0.29806.167
MinimumVisualStudioVersion = 10.0.40219.1
Project("{9A19103F-16F7-4668-BE54-9A1E7A4F7556}") = "FRCProjectVisual", "FRCProjectVisual\FRCProjectVisual.csproj", "{C75E55C4-40D2-48B8-8407-729B7D4D475D}"
EndProject
Project("{FAE04EC0-301F-11D3-BF4B-00C04F79EFBC}") = "DTO", "DTO\DTO.csproj", "{81EA289B-7E9A-46C9-B6CB-3F36886A1CDB}"
EndProject
Project("{FAE04EC0-301F-11D3-BF4B-00C04F79EFBC}") = "DAL", "DAL\DAL.csproj", "{6736A3E9-E21E-435D-81A8-B30FC4B3DFC8}"
EndProject
Project("{FAE04EC0-301F-11D3-BF4B-00C04F79EFBC}") = "BLL", "BLL\BLL.csproj", "{0E1F38D4-9A2F-4E07-AACB-957AD4B36E6D}"
EndProject
Global
	GlobalSection(SolutionConfigurationPlatforms) = preSolution
		Debug|Any CPU = Debug|Any CPU
		Release|Any CPU = Release|Any CPU
	EndGlobalSection
	GlobalSection(ProjectConfigurationPlatforms) = postSolution
		{C75E55C4-40D2-48B8-8407-729B7D4D475D}.Debug|Any CPU.ActiveCfg = Debug|Any CPU
		{C75E55C4-40D2-48B8-8407-729B7D4D475D}.Debug|Any CPU.Build.0 = Debug|Any CPU
		{C75E55C4-40D2-48B8-8407-729B7D4D475D}.Release|Any CPU.ActiveCfg = Release|Any CPU
		{C75E55C4-40D2-48B8-8407-729B7D4D475D}.Release|Any CPU.Build.0 = Release|Any CPU
		{81EA289B-7E9A-46C9-B6CB-3F36886A1CDB}.Debug|Any CPU.ActiveCfg = Debug|Any CPU
		{81EA289B-7E9A-46C9-B6CB-3F36886A1CDB}.Debug|Any CPU.Build.0 = Debug|Any CPU
		{81EA289B-7E9A-46C9-B6CB-3F36886A1CDB}.Release|Any CPU.ActiveCfg = Release|Any CPU
		{81EA289B-7E9A-46C9-B6CB-3F36886A1CDB}.Release|Any CPU.Build.0 = Release|Any CPU
		{6736A3E9-E21E-435D-81A8-B30FC4B3DFC8}.Debug|Any CPU.ActiveCfg = Debug|Any CPU
		{6736A3E9-E21E-435D-81A8-B30FC4B3DFC8}.Debug|Any CPU.Build.0 = Debug|Any CPU
		{6736A3E9-E21E-435D-81A8-B30FC4B3DFC8}.Release|Any CPU.ActiveCfg = Release|Any CPU
		{6736A3E9-E21E-435D-81A8-B30FC4B3DFC8}.Release|Any CPU.Build.0 = Release|Any CPU
		{0E1F38D4-9A2F-4E07-AACB-957AD4B36E6D}.Debug|Any CPU.ActiveCfg = Debug|Any CPU
		{0E1F38D4-9A2F-4E07-AACB-957AD4B36E6D}.Debug|Any CPU.Build.0 = Debug|Any CPU
		{0E1F38D4-9A2F-4E07-AACB-957AD4B36E6D}.Release|Any CPU.ActiveCfg = Release|Any CPU
		{0E1F38D4-9A2F-4E07-AACB-957AD4B36E6D}.Release|Any CPU.Build.0 = Release|Any CPU
	EndGlobalSection
	GlobalSection(SolutionProperties) = preSolution
		HideSolutionNode = FALSE
	EndGlobalSection
	GlobalSection(ExtensibilityGlobals) = postSolution
		SolutionGuid = {03A6B6AE-5CC3-4AC9-A692-BFE25A202D09}
	EndGlobalSection
EndGlobal
