
Microsoft Visual Studio Solution File, Format Version 12.00
# Visual Studio Version 16
VisualStudioVersion = 16.0.29806.167
MinimumVisualStudioVersion = 10.0.40219.1
Project("{FAE04EC0-301F-11D3-BF4B-00C04F79EFBC}") = "FRC", "FRC\FRC.csproj", "{7901E150-E4EE-455C-A9D9-B11158989BB0}"
EndProject
Project("{FAE04EC0-301F-11D3-BF4B-00C04F79EFBC}") = "DTO", "DTO\DTO.csproj", "{C542F17C-6BA1-4588-9557-BBAF13CBA21D}"
EndProject
Project("{FAE04EC0-301F-11D3-BF4B-00C04F79EFBC}") = "DAL", "DAL\DAL.csproj", "{EABEC4B4-CC8C-4B18-A47F-17F534820B6D}"
EndProject
Project("{FAE04EC0-301F-11D3-BF4B-00C04F79EFBC}") = "BLL", "BLL\BLL.csproj", "{943B1DED-8AD3-4FF7-ABB8-0A5D011D6442}"
EndProject
Global
	GlobalSection(SolutionConfigurationPlatforms) = preSolution
		Debug|Any CPU = Debug|Any CPU
		Release|Any CPU = Release|Any CPU
	EndGlobalSection
	GlobalSection(ProjectConfigurationPlatforms) = postSolution
		{7901E150-E4EE-455C-A9D9-B11158989BB0}.Debug|Any CPU.ActiveCfg = Debug|Any CPU
		{7901E150-E4EE-455C-A9D9-B11158989BB0}.Debug|Any CPU.Build.0 = Debug|Any CPU
		{7901E150-E4EE-455C-A9D9-B11158989BB0}.Release|Any CPU.ActiveCfg = Release|Any CPU
		{7901E150-E4EE-455C-A9D9-B11158989BB0}.Release|Any CPU.Build.0 = Release|Any CPU
		{C542F17C-6BA1-4588-9557-BBAF13CBA21D}.Debug|Any CPU.ActiveCfg = Debug|Any CPU
		{C542F17C-6BA1-4588-9557-BBAF13CBA21D}.Debug|Any CPU.Build.0 = Debug|Any CPU
		{C542F17C-6BA1-4588-9557-BBAF13CBA21D}.Release|Any CPU.ActiveCfg = Release|Any CPU
		{C542F17C-6BA1-4588-9557-BBAF13CBA21D}.Release|Any CPU.Build.0 = Release|Any CPU
		{EABEC4B4-CC8C-4B18-A47F-17F534820B6D}.Debug|Any CPU.ActiveCfg = Debug|Any CPU
		{EABEC4B4-CC8C-4B18-A47F-17F534820B6D}.Debug|Any CPU.Build.0 = Debug|Any CPU
		{EABEC4B4-CC8C-4B18-A47F-17F534820B6D}.Release|Any CPU.ActiveCfg = Release|Any CPU
		{EABEC4B4-CC8C-4B18-A47F-17F534820B6D}.Release|Any CPU.Build.0 = Release|Any CPU
		{943B1DED-8AD3-4FF7-ABB8-0A5D011D6442}.Debug|Any CPU.ActiveCfg = Debug|Any CPU
		{943B1DED-8AD3-4FF7-ABB8-0A5D011D6442}.Debug|Any CPU.Build.0 = Debug|Any CPU
		{943B1DED-8AD3-4FF7-ABB8-0A5D011D6442}.Release|Any CPU.ActiveCfg = Release|Any CPU
		{943B1DED-8AD3-4FF7-ABB8-0A5D011D6442}.Release|Any CPU.Build.0 = Release|Any CPU
	EndGlobalSection
	GlobalSection(SolutionProperties) = preSolution
		HideSolutionNode = FALSE
	EndGlobalSection
	GlobalSection(ExtensibilityGlobals) = postSolution
		SolutionGuid = {97292AB6-5833-4465-B3CD-DBDCAADA62B7}
	EndGlobalSection
EndGlobal
